
Microsoft Visual Studio Solution File, Format Version 12.00
# Visual Studio 15
VisualStudioVersion = 15.0.27428.2015
MinimumVisualStudioVersion = 10.0.40219.1
Project("{FAE04EC0-301F-11D3-BF4B-00C04F79EFBC}") = "App01_LayoutsXF.Android", "App01_LayoutsXF\App01_LayoutsXF.Android\App01_LayoutsXF.Android.csproj", "{3BBBFB4E-D9AF-41D1-8D91-4D0BD09BCC95}"
EndProject
Project("{FAE04EC0-301F-11D3-BF4B-00C04F79EFBC}") = "App01_LayoutsXF.iOS", "App01_LayoutsXF\App01_LayoutsXF.iOS\App01_LayoutsXF.iOS.csproj", "{C93ABAAE-EDE1-41A0-B62F-738ABF3D11E2}"
EndProject
Project("{FAE04EC0-301F-11D3-BF4B-00C04F79EFBC}") = "App01_LayoutsXF.UWP", "App01_LayoutsXF\App01_LayoutsXF.UWP\App01_LayoutsXF.UWP.csproj", "{4568A488-31CA-4592-9CF4-74E8F00022CD}"
EndProject
Project("{FAE04EC0-301F-11D3-BF4B-00C04F79EFBC}") = "App01_LayoutsXF", "App01_LayoutsXF\App01_LayoutsXF\App01_LayoutsXF.csproj", "{39D68CBD-6726-480F-A067-A8FDC83AF78A}"
EndProject
Global
	GlobalSection(SolutionConfigurationPlatforms) = preSolution
		Ad-Hoc|Any CPU = Ad-Hoc|Any CPU
		Ad-Hoc|ARM = Ad-Hoc|ARM
		Ad-Hoc|iPhone = Ad-Hoc|iPhone
		Ad-Hoc|iPhoneSimulator = Ad-Hoc|iPhoneSimulator
		Ad-Hoc|x64 = Ad-Hoc|x64
		Ad-Hoc|x86 = Ad-Hoc|x86
		AppStore|Any CPU = AppStore|Any CPU
		AppStore|ARM = AppStore|ARM
		AppStore|iPhone = AppStore|iPhone
		AppStore|iPhoneSimulator = AppStore|iPhoneSimulator
		AppStore|x64 = AppStore|x64
		AppStore|x86 = AppStore|x86
		Debug|Any CPU = Debug|Any CPU
		Debug|ARM = Debug|ARM
		Debug|iPhone = Debug|iPhone
		Debug|iPhoneSimulator = Debug|iPhoneSimulator
		Debug|x64 = Debug|x64
		Debug|x86 = Debug|x86
		Release|Any CPU = Release|Any CPU
		Release|ARM = Release|ARM
		Release|iPhone = Release|iPhone
		Release|iPhoneSimulator = Release|iPhoneSimulator
		Release|x64 = Release|x64
		Release|x86 = Release|x86
	EndGlobalSection
	GlobalSection(ProjectConfigurationPlatforms) = postSolution
		{3BBBFB4E-D9AF-41D1-8D91-4D0BD09BCC95}.Ad-Hoc|Any CPU.ActiveCfg = Release|Any CPU
		{3BBBFB4E-D9AF-41D1-8D91-4D0BD09BCC95}.Ad-Hoc|Any CPU.Build.0 = Release|Any CPU
		{3BBBFB4E-D9AF-41D1-8D91-4D0BD09BCC95}.Ad-Hoc|Any CPU.Deploy.0 = Release|Any CPU
		{3BBBFB4E-D9AF-41D1-8D91-4D0BD09BCC95}.Ad-Hoc|ARM.ActiveCfg = Release|Any CPU
		{3BBBFB4E-D9AF-41D1-8D91-4D0BD09BCC95}.Ad-Hoc|ARM.Build.0 = Release|Any CPU
		{3BBBFB4E-D9AF-41D1-8D91-4D0BD09BCC95}.Ad-Hoc|ARM.Deploy.0 = Release|Any CPU
		{3BBBFB4E-D9AF-41D1-8D91-4D0BD09BCC95}.Ad-Hoc|iPhone.ActiveCfg = Release|Any CPU
		{3BBBFB4E-D9AF-41D1-8D91-4D0BD09BCC95}.Ad-Hoc|iPhone.Build.0 = Release|Any CPU
		{3BBBFB4E-D9AF-41D1-8D91-4D0BD09BCC95}.Ad-Hoc|iPhone.Deploy.0 = Release|Any CPU
		{3BBBFB4E-D9AF-41D1-8D91-4D0BD09BCC95}.Ad-Hoc|iPhoneSimulator.ActiveCfg = Release|Any CPU
		{3BBBFB4E-D9AF-41D1-8D91-4D0BD09BCC95}.Ad-Hoc|iPhoneSimulator.Build.0 = Release|Any CPU
		{3BBBFB4E-D9AF-41D1-8D91-4D0BD09BCC95}.Ad-Hoc|iPhoneSimulator.Deploy.0 = Release|Any CPU
		{3BBBFB4E-D9AF-41D1-8D91-4D0BD09BCC95}.Ad-Hoc|x64.ActiveCfg = Release|Any CPU
		{3BBBFB4E-D9AF-41D1-8D91-4D0BD09BCC95}.Ad-Hoc|x64.Build.0 = Release|Any CPU
		{3BBBFB4E-D9AF-41D1-8D91-4D0BD09BCC95}.Ad-Hoc|x64.Deploy.0 = Release|Any CPU
		{3BBBFB4E-D9AF-41D1-8D91-4D0BD09BCC95}.Ad-Hoc|x86.ActiveCfg = Release|Any CPU
		{3BBBFB4E-D9AF-41D1-8D91-4D0BD09BCC95}.Ad-Hoc|x86.Build.0 = Release|Any CPU
		{3BBBFB4E-D9AF-41D1-8D91-4D0BD09BCC95}.Ad-Hoc|x86.Deploy.0 = Release|Any CPU
		{3BBBFB4E-D9AF-41D1-8D91-4D0BD09BCC95}.AppStore|Any CPU.ActiveCfg = Release|Any CPU
		{3BBBFB4E-D9AF-41D1-8D91-4D0BD09BCC95}.AppStore|Any CPU.Build.0 = Release|Any CPU
		{3BBBFB4E-D9AF-41D1-8D91-4D0BD09BCC95}.AppStore|Any CPU.Deploy.0 = Release|Any CPU
		{3BBBFB4E-D9AF-41D1-8D91-4D0BD09BCC95}.AppStore|ARM.ActiveCfg = Release|Any CPU
		{3BBBFB4E-D9AF-41D1-8D91-4D0BD09BCC95}.AppStore|ARM.Build.0 = Release|Any CPU
		{3BBBFB4E-D9AF-41D1-8D91-4D0BD09BCC95}.AppStore|ARM.Deploy.0 = Release|Any CPU
		{3BBBFB4E-D9AF-41D1-8D91-4D0BD09BCC95}.AppStore|iPhone.ActiveCfg = Release|Any CPU
		{3BBBFB4E-D9AF-41D1-8D91-4D0BD09BCC95}.AppStore|iPhone.Build.0 = Release|Any CPU
		{3BBBFB4E-D9AF-41D1-8D91-4D0BD09BCC95}.AppStore|iPhone.Deploy.0 = Release|Any CPU
		{3BBBFB4E-D9AF-41D1-8D91-4D0BD09BCC95}.AppStore|iPhoneSimulator.ActiveCfg = Release|Any CPU
		{3BBBFB4E-D9AF-41D1-8D91-4D0BD09BCC95}.AppStore|iPhoneSimulator.Build.0 = Release|Any CPU
		{3BBBFB4E-D9AF-41D1-8D91-4D0BD09BCC95}.AppStore|iPhoneSimulator.Deploy.0 = Release|Any CPU
		{3BBBFB4E-D9AF-41D1-8D91-4D0BD09BCC95}.AppStore|x64.ActiveCfg = Release|Any CPU
		{3BBBFB4E-D9AF-41D1-8D91-4D0BD09BCC95}.AppStore|x64.Build.0 = Release|Any CPU
		{3BBBFB4E-D9AF-41D1-8D91-4D0BD09BCC95}.AppStore|x64.Deploy.0 = Release|Any CPU
		{3BBBFB4E-D9AF-41D1-8D91-4D0BD09BCC95}.AppStore|x86.ActiveCfg = Release|Any CPU
		{3BBBFB4E-D9AF-41D1-8D91-4D0BD09BCC95}.AppStore|x86.Build.0 = Release|Any CPU
		{3BBBFB4E-D9AF-41D1-8D91-4D0BD09BCC95}.AppStore|x86.Deploy.0 = Release|Any CPU
		{3BBBFB4E-D9AF-41D1-8D91-4D0BD09BCC95}.Debug|Any CPU.ActiveCfg = Debug|Any CPU
		{3BBBFB4E-D9AF-41D1-8D91-4D0BD09BCC95}.Debug|Any CPU.Build.0 = Debug|Any CPU
		{3BBBFB4E-D9AF-41D1-8D91-4D0BD09BCC95}.Debug|Any CPU.Deploy.0 = Debug|Any CPU
		{3BBBFB4E-D9AF-41D1-8D91-4D0BD09BCC95}.Debug|ARM.ActiveCfg = Debug|Any CPU
		{3BBBFB4E-D9AF-41D1-8D91-4D0BD09BCC95}.Debug|ARM.Build.0 = Debug|Any CPU
		{3BBBFB4E-D9AF-41D1-8D91-4D0BD09BCC95}.Debug|ARM.Deploy.0 = Debug|Any CPU
		{3BBBFB4E-D9AF-41D1-8D91-4D0BD09BCC95}.Debug|iPhone.ActiveCfg = Debug|Any CPU
		{3BBBFB4E-D9AF-41D1-8D91-4D0BD09BCC95}.Debug|iPhone.Build.0 = Debug|Any CPU
		{3BBBFB4E-D9AF-41D1-8D91-4D0BD09BCC95}.Debug|iPhone.Deploy.0 = Debug|Any CPU
		{3BBBFB4E-D9AF-41D1-8D91-4D0BD09BCC95}.Debug|iPhoneSimulator.ActiveCfg = Debug|Any CPU
		{3BBBFB4E-D9AF-41D1-8D91-4D0BD09BCC95}.Debug|iPhoneSimulator.Build.0 = Debug|Any CPU
		{3BBBFB4E-D9AF-41D1-8D91-4D0BD09BCC95}.Debug|iPhoneSimulator.Deploy.0 = Debug|Any CPU
		{3BBBFB4E-D9AF-41D1-8D91-4D0BD09BCC95}.Debug|x64.ActiveCfg = Debug|Any CPU
		{3BBBFB4E-D9AF-41D1-8D91-4D0BD09BCC95}.Debug|x64.Build.0 = Debug|Any CPU
		{3BBBFB4E-D9AF-41D1-8D91-4D0BD09BCC95}.Debug|x64.Deploy.0 = Debug|Any CPU
		{3BBBFB4E-D9AF-41D1-8D91-4D0BD09BCC95}.Debug|x86.ActiveCfg = Debug|Any CPU
		{3BBBFB4E-D9AF-41D1-8D91-4D0BD09BCC95}.Debug|x86.Build.0 = Debug|Any CPU
		{3BBBFB4E-D9AF-41D1-8D91-4D0BD09BCC95}.Debug|x86.Deploy.0 = Debug|Any CPU
		{3BBBFB4E-D9AF-41D1-8D91-4D0BD09BCC95}.Release|Any CPU.ActiveCfg = Release|Any CPU
		{3BBBFB4E-D9AF-41D1-8D91-4D0BD09BCC95}.Release|Any CPU.Build.0 = Release|Any CPU
		{3BBBFB4E-D9AF-41D1-8D91-4D0BD09BCC95}.Release|Any CPU.Deploy.0 = Release|Any CPU
		{3BBBFB4E-D9AF-41D1-8D91-4D0BD09BCC95}.Release|ARM.ActiveCfg = Release|Any CPU
		{3BBBFB4E-D9AF-41D1-8D91-4D0BD09BCC95}.Release|ARM.Build.0 = Release|Any CPU
		{3BBBFB4E-D9AF-41D1-8D91-4D0BD09BCC95}.Release|ARM.Deploy.0 = Release|Any CPU
		{3BBBFB4E-D9AF-41D1-8D91-4D0BD09BCC95}.Release|iPhone.ActiveCfg = Release|Any CPU
		{3BBBFB4E-D9AF-41D1-8D91-4D0BD09BCC95}.Release|iPhone.Build.0 = Release|Any CPU
		{3BBBFB4E-D9AF-41D1-8D91-4D0BD09BCC95}.Release|iPhone.Deploy.0 = Release|Any CPU
		{3BBBFB4E-D9AF-41D1-8D91-4D0BD09BCC95}.Release|iPhoneSimulator.ActiveCfg = Release|Any CPU
		{3BBBFB4E-D9AF-41D1-8D91-4D0BD09BCC95}.Release|iPhoneSimulator.Build.0 = Release|Any CPU
		{3BBBFB4E-D9AF-41D1-8D91-4D0BD09BCC95}.Release|iPhoneSimulator.Deploy.0 = Release|Any CPU
		{3BBBFB4E-D9AF-41D1-8D91-4D0BD09BCC95}.Release|x64.ActiveCfg = Release|Any CPU
		{3BBBFB4E-D9AF-41D1-8D91-4D0BD09BCC95}.Release|x64.Build.0 = Release|Any CPU
		{3BBBFB4E-D9AF-41D1-8D91-4D0BD09BCC95}.Release|x64.Deploy.0 = Release|Any CPU
		{3BBBFB4E-D9AF-41D1-8D91-4D0BD09BCC95}.Release|x86.ActiveCfg = Release|Any CPU
		{3BBBFB4E-D9AF-41D1-8D91-4D0BD09BCC95}.Release|x86.Build.0 = Release|Any CPU
		{3BBBFB4E-D9AF-41D1-8D91-4D0BD09BCC95}.Release|x86.Deploy.0 = Release|Any CPU
		{C93ABAAE-EDE1-41A0-B62F-738ABF3D11E2}.Ad-Hoc|Any CPU.ActiveCfg = Ad-Hoc|iPhone
		{C93ABAAE-EDE1-41A0-B62F-738ABF3D11E2}.Ad-Hoc|ARM.ActiveCfg = Ad-Hoc|iPhone
		{C93ABAAE-EDE1-41A0-B62F-738ABF3D11E2}.Ad-Hoc|iPhone.ActiveCfg = Ad-Hoc|iPhone
		{C93ABAAE-EDE1-41A0-B62F-738ABF3D11E2}.Ad-Hoc|iPhone.Build.0 = Ad-Hoc|iPhone
		{C93ABAAE-EDE1-41A0-B62F-738ABF3D11E2}.Ad-Hoc|iPhoneSimulator.ActiveCfg = Ad-Hoc|iPhoneSimulator
		{C93ABAAE-EDE1-41A0-B62F-738ABF3D11E2}.Ad-Hoc|iPhoneSimulator.Build.0 = Ad-Hoc|iPhoneSimulator
		{C93ABAAE-EDE1-41A0-B62F-738ABF3D11E2}.Ad-Hoc|x64.ActiveCfg = Ad-Hoc|iPhone
		{C93ABAAE-EDE1-41A0-B62F-738ABF3D11E2}.Ad-Hoc|x86.ActiveCfg = Ad-Hoc|iPhone
		{C93ABAAE-EDE1-41A0-B62F-738ABF3D11E2}.AppStore|Any CPU.ActiveCfg = AppStore|iPhone
		{C93ABAAE-EDE1-41A0-B62F-738ABF3D11E2}.AppStore|ARM.ActiveCfg = AppStore|iPhone
		{C93ABAAE-EDE1-41A0-B62F-738ABF3D11E2}.AppStore|iPhone.ActiveCfg = AppStore|iPhone
		{C93ABAAE-EDE1-41A0-B62F-738ABF3D11E2}.AppStore|iPhone.Build.0 = AppStore|iPhone
		{C93ABAAE-EDE1-41A0-B62F-738ABF3D11E2}.AppStore|iPhoneSimulator.ActiveCfg = AppStore|iPhoneSimulator
		{C93ABAAE-EDE1-41A0-B62F-738ABF3D11E2}.AppStore|iPhoneSimulator.Build.0 = AppStore|iPhoneSimulator
		{C93ABAAE-EDE1-41A0-B62F-738ABF3D11E2}.AppStore|x64.ActiveCfg = AppStore|iPhone
		{C93ABAAE-EDE1-41A0-B62F-738ABF3D11E2}.AppStore|x86.ActiveCfg = AppStore|iPhone
		{C93ABAAE-EDE1-41A0-B62F-738ABF3D11E2}.Debug|Any CPU.ActiveCfg = Debug|iPhone
		{C93ABAAE-EDE1-41A0-B62F-738ABF3D11E2}.Debug|ARM.ActiveCfg = Debug|iPhone
		{C93ABAAE-EDE1-41A0-B62F-738ABF3D11E2}.Debug|iPhone.ActiveCfg = Debug|iPhone
		{C93ABAAE-EDE1-41A0-B62F-738ABF3D11E2}.Debug|iPhone.Build.0 = Debug|iPhone
		{C93ABAAE-EDE1-41A0-B62F-738ABF3D11E2}.Debug|iPhoneSimulator.ActiveCfg = Debug|iPhoneSimulator
		{C93ABAAE-EDE1-41A0-B62F-738ABF3D11E2}.Debug|iPhoneSimulator.Build.0 = Debug|iPhoneSimulator
		{C93ABAAE-EDE1-41A0-B62F-738ABF3D11E2}.Debug|x64.ActiveCfg = Debug|iPhone
		{C93ABAAE-EDE1-41A0-B62F-738ABF3D11E2}.Debug|x86.ActiveCfg = Debug|iPhone
		{C93ABAAE-EDE1-41A0-B62F-738ABF3D11E2}.Release|Any CPU.ActiveCfg = Release|iPhone
		{C93ABAAE-EDE1-41A0-B62F-738ABF3D11E2}.Release|ARM.ActiveCfg = Release|iPhone
		{C93ABAAE-EDE1-41A0-B62F-738ABF3D11E2}.Release|iPhone.ActiveCfg = Release|iPhone
		{C93ABAAE-EDE1-41A0-B62F-738ABF3D11E2}.Release|iPhone.Build.0 = Release|iPhone
		{C93ABAAE-EDE1-41A0-B62F-738ABF3D11E2}.Release|iPhoneSimulator.ActiveCfg = Release|iPhoneSimulator
		{C93ABAAE-EDE1-41A0-B62F-738ABF3D11E2}.Release|iPhoneSimulator.Build.0 = Release|iPhoneSimulator
		{C93ABAAE-EDE1-41A0-B62F-738ABF3D11E2}.Release|x64.ActiveCfg = Release|iPhone
		{C93ABAAE-EDE1-41A0-B62F-738ABF3D11E2}.Release|x86.ActiveCfg = Release|iPhone
		{4568A488-31CA-4592-9CF4-74E8F00022CD}.Ad-Hoc|Any CPU.ActiveCfg = Release|x86
		{4568A488-31CA-4592-9CF4-74E8F00022CD}.Ad-Hoc|Any CPU.Build.0 = Release|x86
		{4568A488-31CA-4592-9CF4-74E8F00022CD}.Ad-Hoc|Any CPU.Deploy.0 = Release|x86
		{4568A488-31CA-4592-9CF4-74E8F00022CD}.Ad-Hoc|ARM.ActiveCfg = Release|ARM
		{4568A488-31CA-4592-9CF4-74E8F00022CD}.Ad-Hoc|ARM.Build.0 = Release|ARM
		{4568A488-31CA-4592-9CF4-74E8F00022CD}.Ad-Hoc|ARM.Deploy.0 = Release|ARM
		{4568A488-31CA-4592-9CF4-74E8F00022CD}.Ad-Hoc|iPhone.ActiveCfg = Release|x86
		{4568A488-31CA-4592-9CF4-74E8F00022CD}.Ad-Hoc|iPhone.Build.0 = Release|x86
		{4568A488-31CA-4592-9CF4-74E8F00022CD}.Ad-Hoc|iPhone.Deploy.0 = Release|x86
		{4568A488-31CA-4592-9CF4-74E8F00022CD}.Ad-Hoc|iPhoneSimulator.ActiveCfg = Release|x86
		{4568A488-31CA-4592-9CF4-74E8F00022CD}.Ad-Hoc|iPhoneSimulator.Build.0 = Release|x86
		{4568A488-31CA-4592-9CF4-74E8F00022CD}.Ad-Hoc|iPhoneSimulator.Deploy.0 = Release|x86
		{4568A488-31CA-4592-9CF4-74E8F00022CD}.Ad-Hoc|x64.ActiveCfg = Release|x64
		{4568A488-31CA-4592-9CF4-74E8F00022CD}.Ad-Hoc|x64.Build.0 = Release|x64
		{4568A488-31CA-4592-9CF4-74E8F00022CD}.Ad-Hoc|x64.Deploy.0 = Release|x64
		{4568A488-31CA-4592-9CF4-74E8F00022CD}.Ad-Hoc|x86.ActiveCfg = Release|x86
		{4568A488-31CA-4592-9CF4-74E8F00022CD}.Ad-Hoc|x86.Build.0 = Release|x86
		{4568A488-31CA-4592-9CF4-74E8F00022CD}.Ad-Hoc|x86.Deploy.0 = Release|x86
		{4568A488-31CA-4592-9CF4-74E8F00022CD}.AppStore|Any CPU.ActiveCfg = Release|x86
		{4568A488-31CA-4592-9CF4-74E8F00022CD}.AppStore|Any CPU.Build.0 = Release|x86
		{4568A488-31CA-4592-9CF4-74E8F00022CD}.AppStore|Any CPU.Deploy.0 = Release|x86
		{4568A488-31CA-4592-9CF4-74E8F00022CD}.AppStore|ARM.ActiveCfg = Release|ARM
		{4568A488-31CA-4592-9CF4-74E8F00022CD}.AppStore|ARM.Build.0 = Release|ARM
		{4568A488-31CA-4592-9CF4-74E8F00022CD}.AppStore|ARM.Deploy.0 = Release|ARM
		{4568A488-31CA-4592-9CF4-74E8F00022CD}.AppStore|iPhone.ActiveCfg = Release|x86
		{4568A488-31CA-4592-9CF4-74E8F00022CD}.AppStore|iPhone.Build.0 = Release|x86
		{4568A488-31CA-4592-9CF4-74E8F00022CD}.AppStore|iPhone.Deploy.0 = Release|x86
		{4568A488-31CA-4592-9CF4-74E8F00022CD}.AppStore|iPhoneSimulator.ActiveCfg = Release|x86
		{4568A488-31CA-4592-9CF4-74E8F00022CD}.AppStore|iPhoneSimulator.Build.0 = Release|x86
		{4568A488-31CA-4592-9CF4-74E8F00022CD}.AppStore|iPhoneSimulator.Deploy.0 = Release|x86
		{4568A488-31CA-4592-9CF4-74E8F00022CD}.AppStore|x64.ActiveCfg = Release|x64
		{4568A488-31CA-4592-9CF4-74E8F00022CD}.AppStore|x64.Build.0 = Release|x64
		{4568A488-31CA-4592-9CF4-74E8F00022CD}.AppStore|x64.Deploy.0 = Release|x64
		{4568A488-31CA-4592-9CF4-74E8F00022CD}.AppStore|x86.ActiveCfg = Release|x86
		{4568A488-31CA-4592-9CF4-74E8F00022CD}.AppStore|x86.Build.0 = Release|x86
		{4568A488-31CA-4592-9CF4-74E8F00022CD}.AppStore|x86.Deploy.0 = Release|x86
		{4568A488-31CA-4592-9CF4-74E8F00022CD}.Debug|Any CPU.ActiveCfg = Debug|x86
		{4568A488-31CA-4592-9CF4-74E8F00022CD}.Debug|ARM.ActiveCfg = Debug|ARM
		{4568A488-31CA-4592-9CF4-74E8F00022CD}.Debug|ARM.Build.0 = Debug|ARM
		{4568A488-31CA-4592-9CF4-74E8F00022CD}.Debug|ARM.Deploy.0 = Debug|ARM
		{4568A488-31CA-4592-9CF4-74E8F00022CD}.Debug|iPhone.ActiveCfg = Debug|x86
		{4568A488-31CA-4592-9CF4-74E8F00022CD}.Debug|iPhoneSimulator.ActiveCfg = Debug|x86
		{4568A488-31CA-4592-9CF4-74E8F00022CD}.Debug|x64.ActiveCfg = Debug|x64
		{4568A488-31CA-4592-9CF4-74E8F00022CD}.Debug|x64.Build.0 = Debug|x64
		{4568A488-31CA-4592-9CF4-74E8F00022CD}.Debug|x64.Deploy.0 = Debug|x64
		{4568A488-31CA-4592-9CF4-74E8F00022CD}.Debug|x86.ActiveCfg = Debug|x86
		{4568A488-31CA-4592-9CF4-74E8F00022CD}.Debug|x86.Build.0 = Debug|x86
		{4568A488-31CA-4592-9CF4-74E8F00022CD}.Debug|x86.Deploy.0 = Debug|x86
		{4568A488-31CA-4592-9CF4-74E8F00022CD}.Release|Any CPU.ActiveCfg = Release|x86
		{4568A488-31CA-4592-9CF4-74E8F00022CD}.Release|ARM.ActiveCfg = Release|ARM
		{4568A488-31CA-4592-9CF4-74E8F00022CD}.Release|ARM.Build.0 = Release|ARM
		{4568A488-31CA-4592-9CF4-74E8F00022CD}.Release|ARM.Deploy.0 = Release|ARM
		{4568A488-31CA-4592-9CF4-74E8F00022CD}.Release|iPhone.ActiveCfg = Release|x86
		{4568A488-31CA-4592-9CF4-74E8F00022CD}.Release|iPhoneSimulator.ActiveCfg = Release|x86
		{4568A488-31CA-4592-9CF4-74E8F00022CD}.Release|x64.ActiveCfg = Release|x64
		{4568A488-31CA-4592-9CF4-74E8F00022CD}.Release|x64.Build.0 = Release|x64
		{4568A488-31CA-4592-9CF4-74E8F00022CD}.Release|x64.Deploy.0 = Release|x64
		{4568A488-31CA-4592-9CF4-74E8F00022CD}.Release|x86.ActiveCfg = Release|x86
		{4568A488-31CA-4592-9CF4-74E8F00022CD}.Release|x86.Build.0 = Release|x86
		{4568A488-31CA-4592-9CF4-74E8F00022CD}.Release|x86.Deploy.0 = Release|x86
		{39D68CBD-6726-480F-A067-A8FDC83AF78A}.Ad-Hoc|Any CPU.ActiveCfg = Debug|Any CPU
		{39D68CBD-6726-480F-A067-A8FDC83AF78A}.Ad-Hoc|Any CPU.Build.0 = Debug|Any CPU
		{39D68CBD-6726-480F-A067-A8FDC83AF78A}.Ad-Hoc|ARM.ActiveCfg = Debug|Any CPU
		{39D68CBD-6726-480F-A067-A8FDC83AF78A}.Ad-Hoc|ARM.Build.0 = Debug|Any CPU
		{39D68CBD-6726-480F-A067-A8FDC83AF78A}.Ad-Hoc|iPhone.ActiveCfg = Debug|Any CPU
		{39D68CBD-6726-480F-A067-A8FDC83AF78A}.Ad-Hoc|iPhone.Build.0 = Debug|Any CPU
		{39D68CBD-6726-480F-A067-A8FDC83AF78A}.Ad-Hoc|iPhoneSimulator.ActiveCfg = Debug|Any CPU
		{39D68CBD-6726-480F-A067-A8FDC83AF78A}.Ad-Hoc|iPhoneSimulator.Build.0 = Debug|Any CPU
		{39D68CBD-6726-480F-A067-A8FDC83AF78A}.Ad-Hoc|x64.ActiveCfg = Debug|Any CPU
		{39D68CBD-6726-480F-A067-A8FDC83AF78A}.Ad-Hoc|x64.Build.0 = Debug|Any CPU
		{39D68CBD-6726-480F-A067-A8FDC83AF78A}.Ad-Hoc|x86.ActiveCfg = Debug|Any CPU
		{39D68CBD-6726-480F-A067-A8FDC83AF78A}.Ad-Hoc|x86.Build.0 = Debug|Any CPU
		{39D68CBD-6726-480F-A067-A8FDC83AF78A}.AppStore|Any CPU.ActiveCfg = Debug|Any CPU
		{39D68CBD-6726-480F-A067-A8FDC83AF78A}.AppStore|Any CPU.Build.0 = Debug|Any CPU
		{39D68CBD-6726-480F-A067-A8FDC83AF78A}.AppStore|ARM.ActiveCfg = Debug|Any CPU
		{39D68CBD-6726-480F-A067-A8FDC83AF78A}.AppStore|ARM.Build.0 = Debug|Any CPU
		{39D68CBD-6726-480F-A067-A8FDC83AF78A}.AppStore|iPhone.ActiveCfg = Debug|Any CPU
		{39D68CBD-6726-480F-A067-A8FDC83AF78A}.AppStore|iPhone.Build.0 = Debug|Any CPU
		{39D68CBD-6726-480F-A067-A8FDC83AF78A}.AppStore|iPhoneSimulator.ActiveCfg = Debug|Any CPU
		{39D68CBD-6726-480F-A067-A8FDC83AF78A}.AppStore|iPhoneSimulator.Build.0 = Debug|Any CPU
		{39D68CBD-6726-480F-A067-A8FDC83AF78A}.AppStore|x64.ActiveCfg = Debug|Any CPU
		{39D68CBD-6726-480F-A067-A8FDC83AF78A}.AppStore|x64.Build.0 = Debug|Any CPU
		{39D68CBD-6726-480F-A067-A8FDC83AF78A}.AppStore|x86.ActiveCfg = Debug|Any CPU
		{39D68CBD-6726-480F-A067-A8FDC83AF78A}.AppStore|x86.Build.0 = Debug|Any CPU
		{39D68CBD-6726-480F-A067-A8FDC83AF78A}.Debug|Any CPU.ActiveCfg = Debug|Any CPU
		{39D68CBD-6726-480F-A067-A8FDC83AF78A}.Debug|Any CPU.Build.0 = Debug|Any CPU
		{39D68CBD-6726-480F-A067-A8FDC83AF78A}.Debug|ARM.ActiveCfg = Debug|Any CPU
		{39D68CBD-6726-480F-A067-A8FDC83AF78A}.Debug|ARM.Build.0 = Debug|Any CPU
		{39D68CBD-6726-480F-A067-A8FDC83AF78A}.Debug|iPhone.ActiveCfg = Debug|Any CPU
		{39D68CBD-6726-480F-A067-A8FDC83AF78A}.Debug|iPhone.Build.0 = Debug|Any CPU
		{39D68CBD-6726-480F-A067-A8FDC83AF78A}.Debug|iPhoneSimulator.ActiveCfg = Debug|Any CPU
		{39D68CBD-6726-480F-A067-A8FDC83AF78A}.Debug|iPhoneSimulator.Build.0 = Debug|Any CPU
		{39D68CBD-6726-480F-A067-A8FDC83AF78A}.Debug|x64.ActiveCfg = Debug|Any CPU
		{39D68CBD-6726-480F-A067-A8FDC83AF78A}.Debug|x64.Build.0 = Debug|Any CPU
		{39D68CBD-6726-480F-A067-A8FDC83AF78A}.Debug|x86.ActiveCfg = Debug|Any CPU
		{39D68CBD-6726-480F-A067-A8FDC83AF78A}.Debug|x86.Build.0 = Debug|Any CPU
		{39D68CBD-6726-480F-A067-A8FDC83AF78A}.Release|Any CPU.ActiveCfg = Release|Any CPU
		{39D68CBD-6726-480F-A067-A8FDC83AF78A}.Release|Any CPU.Build.0 = Release|Any CPU
		{39D68CBD-6726-480F-A067-A8FDC83AF78A}.Release|ARM.ActiveCfg = Release|Any CPU
		{39D68CBD-6726-480F-A067-A8FDC83AF78A}.Release|ARM.Build.0 = Release|Any CPU
		{39D68CBD-6726-480F-A067-A8FDC83AF78A}.Release|iPhone.ActiveCfg = Release|Any CPU
		{39D68CBD-6726-480F-A067-A8FDC83AF78A}.Release|iPhone.Build.0 = Release|Any CPU
		{39D68CBD-6726-480F-A067-A8FDC83AF78A}.Release|iPhoneSimulator.ActiveCfg = Release|Any CPU
		{39D68CBD-6726-480F-A067-A8FDC83AF78A}.Release|iPhoneSimulator.Build.0 = Release|Any CPU
		{39D68CBD-6726-480F-A067-A8FDC83AF78A}.Release|x64.ActiveCfg = Release|Any CPU
		{39D68CBD-6726-480F-A067-A8FDC83AF78A}.Release|x64.Build.0 = Release|Any CPU
		{39D68CBD-6726-480F-A067-A8FDC83AF78A}.Release|x86.ActiveCfg = Release|Any CPU
		{39D68CBD-6726-480F-A067-A8FDC83AF78A}.Release|x86.Build.0 = Release|Any CPU
	EndGlobalSection
	GlobalSection(SolutionProperties) = preSolution
		HideSolutionNode = FALSE
	EndGlobalSection
	GlobalSection(ExtensibilityGlobals) = postSolution
		SolutionGuid = {66A28903-C188-4654-A92B-678D74501266}
	EndGlobalSection
EndGlobal
