
Microsoft Visual Studio Solution File, Format Version 12.00
# Visual Studio 15
VisualStudioVersion = 15.0.27428.2015
MinimumVisualStudioVersion = 10.0.40219.1
Project("{FAE04EC0-301F-11D3-BF4B-00C04F79EFBC}") = "App01_LayoutXF.Android", "App01_LayoutXF\App01_LayoutXF.Android\App01_LayoutXF.Android.csproj", "{12110C30-581A-425F-8986-3AE4D3599CD3}"
EndProject
Project("{FAE04EC0-301F-11D3-BF4B-00C04F79EFBC}") = "App01_LayoutXF.iOS", "App01_LayoutXF\App01_LayoutXF.iOS\App01_LayoutXF.iOS.csproj", "{F0D4B164-90BA-4FA0-9682-DB97E1FCAF86}"
EndProject
Project("{FAE04EC0-301F-11D3-BF4B-00C04F79EFBC}") = "App01_LayoutXF.UWP", "App01_LayoutXF\App01_LayoutXF.UWP\App01_LayoutXF.UWP.csproj", "{DECE2C61-7374-488D-A705-A1A9339A4538}"
EndProject
Project("{FAE04EC0-301F-11D3-BF4B-00C04F79EFBC}") = "App01_LayoutXF", "App01_LayoutXF\App01_LayoutXF\App01_LayoutXF.csproj", "{08994332-D0E5-43CC-8EEE-2F258355C172}"
EndProject
Global
	GlobalSection(SolutionConfigurationPlatforms) = preSolution
		Ad-Hoc|Any CPU = Ad-Hoc|Any CPU
		Ad-Hoc|ARM = Ad-Hoc|ARM
		Ad-Hoc|iPhone = Ad-Hoc|iPhone
		Ad-Hoc|iPhoneSimulator = Ad-Hoc|iPhoneSimulator
		Ad-Hoc|x64 = Ad-Hoc|x64
		Ad-Hoc|x86 = Ad-Hoc|x86
		AppStore|Any CPU = AppStore|Any CPU
		AppStore|ARM = AppStore|ARM
		AppStore|iPhone = AppStore|iPhone
		AppStore|iPhoneSimulator = AppStore|iPhoneSimulator
		AppStore|x64 = AppStore|x64
		AppStore|x86 = AppStore|x86
		Debug|Any CPU = Debug|Any CPU
		Debug|ARM = Debug|ARM
		Debug|iPhone = Debug|iPhone
		Debug|iPhoneSimulator = Debug|iPhoneSimulator
		Debug|x64 = Debug|x64
		Debug|x86 = Debug|x86
		Release|Any CPU = Release|Any CPU
		Release|ARM = Release|ARM
		Release|iPhone = Release|iPhone
		Release|iPhoneSimulator = Release|iPhoneSimulator
		Release|x64 = Release|x64
		Release|x86 = Release|x86
	EndGlobalSection
	GlobalSection(ProjectConfigurationPlatforms) = postSolution
		{12110C30-581A-425F-8986-3AE4D3599CD3}.Ad-Hoc|Any CPU.ActiveCfg = Release|Any CPU
		{12110C30-581A-425F-8986-3AE4D3599CD3}.Ad-Hoc|Any CPU.Build.0 = Release|Any CPU
		{12110C30-581A-425F-8986-3AE4D3599CD3}.Ad-Hoc|Any CPU.Deploy.0 = Release|Any CPU
		{12110C30-581A-425F-8986-3AE4D3599CD3}.Ad-Hoc|ARM.ActiveCfg = Release|Any CPU
		{12110C30-581A-425F-8986-3AE4D3599CD3}.Ad-Hoc|ARM.Build.0 = Release|Any CPU
		{12110C30-581A-425F-8986-3AE4D3599CD3}.Ad-Hoc|ARM.Deploy.0 = Release|Any CPU
		{12110C30-581A-425F-8986-3AE4D3599CD3}.Ad-Hoc|iPhone.ActiveCfg = Release|Any CPU
		{12110C30-581A-425F-8986-3AE4D3599CD3}.Ad-Hoc|iPhone.Build.0 = Release|Any CPU
		{12110C30-581A-425F-8986-3AE4D3599CD3}.Ad-Hoc|iPhone.Deploy.0 = Release|Any CPU
		{12110C30-581A-425F-8986-3AE4D3599CD3}.Ad-Hoc|iPhoneSimulator.ActiveCfg = Release|Any CPU
		{12110C30-581A-425F-8986-3AE4D3599CD3}.Ad-Hoc|iPhoneSimulator.Build.0 = Release|Any CPU
		{12110C30-581A-425F-8986-3AE4D3599CD3}.Ad-Hoc|iPhoneSimulator.Deploy.0 = Release|Any CPU
		{12110C30-581A-425F-8986-3AE4D3599CD3}.Ad-Hoc|x64.ActiveCfg = Release|Any CPU
		{12110C30-581A-425F-8986-3AE4D3599CD3}.Ad-Hoc|x64.Build.0 = Release|Any CPU
		{12110C30-581A-425F-8986-3AE4D3599CD3}.Ad-Hoc|x64.Deploy.0 = Release|Any CPU
		{12110C30-581A-425F-8986-3AE4D3599CD3}.Ad-Hoc|x86.ActiveCfg = Release|Any CPU
		{12110C30-581A-425F-8986-3AE4D3599CD3}.Ad-Hoc|x86.Build.0 = Release|Any CPU
		{12110C30-581A-425F-8986-3AE4D3599CD3}.Ad-Hoc|x86.Deploy.0 = Release|Any CPU
		{12110C30-581A-425F-8986-3AE4D3599CD3}.AppStore|Any CPU.ActiveCfg = Release|Any CPU
		{12110C30-581A-425F-8986-3AE4D3599CD3}.AppStore|Any CPU.Build.0 = Release|Any CPU
		{12110C30-581A-425F-8986-3AE4D3599CD3}.AppStore|Any CPU.Deploy.0 = Release|Any CPU
		{12110C30-581A-425F-8986-3AE4D3599CD3}.AppStore|ARM.ActiveCfg = Release|Any CPU
		{12110C30-581A-425F-8986-3AE4D3599CD3}.AppStore|ARM.Build.0 = Release|Any CPU
		{12110C30-581A-425F-8986-3AE4D3599CD3}.AppStore|ARM.Deploy.0 = Release|Any CPU
		{12110C30-581A-425F-8986-3AE4D3599CD3}.AppStore|iPhone.ActiveCfg = Release|Any CPU
		{12110C30-581A-425F-8986-3AE4D3599CD3}.AppStore|iPhone.Build.0 = Release|Any CPU
		{12110C30-581A-425F-8986-3AE4D3599CD3}.AppStore|iPhone.Deploy.0 = Release|Any CPU
		{12110C30-581A-425F-8986-3AE4D3599CD3}.AppStore|iPhoneSimulator.ActiveCfg = Release|Any CPU
		{12110C30-581A-425F-8986-3AE4D3599CD3}.AppStore|iPhoneSimulator.Build.0 = Release|Any CPU
		{12110C30-581A-425F-8986-3AE4D3599CD3}.AppStore|iPhoneSimulator.Deploy.0 = Release|Any CPU
		{12110C30-581A-425F-8986-3AE4D3599CD3}.AppStore|x64.ActiveCfg = Release|Any CPU
		{12110C30-581A-425F-8986-3AE4D3599CD3}.AppStore|x64.Build.0 = Release|Any CPU
		{12110C30-581A-425F-8986-3AE4D3599CD3}.AppStore|x64.Deploy.0 = Release|Any CPU
		{12110C30-581A-425F-8986-3AE4D3599CD3}.AppStore|x86.ActiveCfg = Release|Any CPU
		{12110C30-581A-425F-8986-3AE4D3599CD3}.AppStore|x86.Build.0 = Release|Any CPU
		{12110C30-581A-425F-8986-3AE4D3599CD3}.AppStore|x86.Deploy.0 = Release|Any CPU
		{12110C30-581A-425F-8986-3AE4D3599CD3}.Debug|Any CPU.ActiveCfg = Debug|Any CPU
		{12110C30-581A-425F-8986-3AE4D3599CD3}.Debug|Any CPU.Build.0 = Debug|Any CPU
		{12110C30-581A-425F-8986-3AE4D3599CD3}.Debug|Any CPU.Deploy.0 = Debug|Any CPU
		{12110C30-581A-425F-8986-3AE4D3599CD3}.Debug|ARM.ActiveCfg = Debug|Any CPU
		{12110C30-581A-425F-8986-3AE4D3599CD3}.Debug|ARM.Build.0 = Debug|Any CPU
		{12110C30-581A-425F-8986-3AE4D3599CD3}.Debug|ARM.Deploy.0 = Debug|Any CPU
		{12110C30-581A-425F-8986-3AE4D3599CD3}.Debug|iPhone.ActiveCfg = Debug|Any CPU
		{12110C30-581A-425F-8986-3AE4D3599CD3}.Debug|iPhone.Build.0 = Debug|Any CPU
		{12110C30-581A-425F-8986-3AE4D3599CD3}.Debug|iPhone.Deploy.0 = Debug|Any CPU
		{12110C30-581A-425F-8986-3AE4D3599CD3}.Debug|iPhoneSimulator.ActiveCfg = Debug|Any CPU
		{12110C30-581A-425F-8986-3AE4D3599CD3}.Debug|iPhoneSimulator.Build.0 = Debug|Any CPU
		{12110C30-581A-425F-8986-3AE4D3599CD3}.Debug|iPhoneSimulator.Deploy.0 = Debug|Any CPU
		{12110C30-581A-425F-8986-3AE4D3599CD3}.Debug|x64.ActiveCfg = Debug|Any CPU
		{12110C30-581A-425F-8986-3AE4D3599CD3}.Debug|x64.Build.0 = Debug|Any CPU
		{12110C30-581A-425F-8986-3AE4D3599CD3}.Debug|x64.Deploy.0 = Debug|Any CPU
		{12110C30-581A-425F-8986-3AE4D3599CD3}.Debug|x86.ActiveCfg = Debug|Any CPU
		{12110C30-581A-425F-8986-3AE4D3599CD3}.Debug|x86.Build.0 = Debug|Any CPU
		{12110C30-581A-425F-8986-3AE4D3599CD3}.Debug|x86.Deploy.0 = Debug|Any CPU
		{12110C30-581A-425F-8986-3AE4D3599CD3}.Release|Any CPU.ActiveCfg = Release|Any CPU
		{12110C30-581A-425F-8986-3AE4D3599CD3}.Release|Any CPU.Build.0 = Release|Any CPU
		{12110C30-581A-425F-8986-3AE4D3599CD3}.Release|Any CPU.Deploy.0 = Release|Any CPU
		{12110C30-581A-425F-8986-3AE4D3599CD3}.Release|ARM.ActiveCfg = Release|Any CPU
		{12110C30-581A-425F-8986-3AE4D3599CD3}.Release|ARM.Build.0 = Release|Any CPU
		{12110C30-581A-425F-8986-3AE4D3599CD3}.Release|ARM.Deploy.0 = Release|Any CPU
		{12110C30-581A-425F-8986-3AE4D3599CD3}.Release|iPhone.ActiveCfg = Release|Any CPU
		{12110C30-581A-425F-8986-3AE4D3599CD3}.Release|iPhone.Build.0 = Release|Any CPU
		{12110C30-581A-425F-8986-3AE4D3599CD3}.Release|iPhone.Deploy.0 = Release|Any CPU
		{12110C30-581A-425F-8986-3AE4D3599CD3}.Release|iPhoneSimulator.ActiveCfg = Release|Any CPU
		{12110C30-581A-425F-8986-3AE4D3599CD3}.Release|iPhoneSimulator.Build.0 = Release|Any CPU
		{12110C30-581A-425F-8986-3AE4D3599CD3}.Release|iPhoneSimulator.Deploy.0 = Release|Any CPU
		{12110C30-581A-425F-8986-3AE4D3599CD3}.Release|x64.ActiveCfg = Release|Any CPU
		{12110C30-581A-425F-8986-3AE4D3599CD3}.Release|x64.Build.0 = Release|Any CPU
		{12110C30-581A-425F-8986-3AE4D3599CD3}.Release|x64.Deploy.0 = Release|Any CPU
		{12110C30-581A-425F-8986-3AE4D3599CD3}.Release|x86.ActiveCfg = Release|Any CPU
		{12110C30-581A-425F-8986-3AE4D3599CD3}.Release|x86.Build.0 = Release|Any CPU
		{12110C30-581A-425F-8986-3AE4D3599CD3}.Release|x86.Deploy.0 = Release|Any CPU
		{F0D4B164-90BA-4FA0-9682-DB97E1FCAF86}.Ad-Hoc|Any CPU.ActiveCfg = Ad-Hoc|iPhone
		{F0D4B164-90BA-4FA0-9682-DB97E1FCAF86}.Ad-Hoc|ARM.ActiveCfg = Ad-Hoc|iPhone
		{F0D4B164-90BA-4FA0-9682-DB97E1FCAF86}.Ad-Hoc|iPhone.ActiveCfg = Ad-Hoc|iPhone
		{F0D4B164-90BA-4FA0-9682-DB97E1FCAF86}.Ad-Hoc|iPhone.Build.0 = Ad-Hoc|iPhone
		{F0D4B164-90BA-4FA0-9682-DB97E1FCAF86}.Ad-Hoc|iPhoneSimulator.ActiveCfg = Ad-Hoc|iPhoneSimulator
		{F0D4B164-90BA-4FA0-9682-DB97E1FCAF86}.Ad-Hoc|iPhoneSimulator.Build.0 = Ad-Hoc|iPhoneSimulator
		{F0D4B164-90BA-4FA0-9682-DB97E1FCAF86}.Ad-Hoc|x64.ActiveCfg = Ad-Hoc|iPhone
		{F0D4B164-90BA-4FA0-9682-DB97E1FCAF86}.Ad-Hoc|x86.ActiveCfg = Ad-Hoc|iPhone
		{F0D4B164-90BA-4FA0-9682-DB97E1FCAF86}.AppStore|Any CPU.ActiveCfg = AppStore|iPhone
		{F0D4B164-90BA-4FA0-9682-DB97E1FCAF86}.AppStore|ARM.ActiveCfg = AppStore|iPhone
		{F0D4B164-90BA-4FA0-9682-DB97E1FCAF86}.AppStore|iPhone.ActiveCfg = AppStore|iPhone
		{F0D4B164-90BA-4FA0-9682-DB97E1FCAF86}.AppStore|iPhone.Build.0 = AppStore|iPhone
		{F0D4B164-90BA-4FA0-9682-DB97E1FCAF86}.AppStore|iPhoneSimulator.ActiveCfg = AppStore|iPhoneSimulator
		{F0D4B164-90BA-4FA0-9682-DB97E1FCAF86}.AppStore|iPhoneSimulator.Build.0 = AppStore|iPhoneSimulator
		{F0D4B164-90BA-4FA0-9682-DB97E1FCAF86}.AppStore|x64.ActiveCfg = AppStore|iPhone
		{F0D4B164-90BA-4FA0-9682-DB97E1FCAF86}.AppStore|x86.ActiveCfg = AppStore|iPhone
		{F0D4B164-90BA-4FA0-9682-DB97E1FCAF86}.Debug|Any CPU.ActiveCfg = Debug|iPhone
		{F0D4B164-90BA-4FA0-9682-DB97E1FCAF86}.Debug|ARM.ActiveCfg = Debug|iPhone
		{F0D4B164-90BA-4FA0-9682-DB97E1FCAF86}.Debug|iPhone.ActiveCfg = Debug|iPhone
		{F0D4B164-90BA-4FA0-9682-DB97E1FCAF86}.Debug|iPhone.Build.0 = Debug|iPhone
		{F0D4B164-90BA-4FA0-9682-DB97E1FCAF86}.Debug|iPhoneSimulator.ActiveCfg = Debug|iPhoneSimulator
		{F0D4B164-90BA-4FA0-9682-DB97E1FCAF86}.Debug|iPhoneSimulator.Build.0 = Debug|iPhoneSimulator
		{F0D4B164-90BA-4FA0-9682-DB97E1FCAF86}.Debug|x64.ActiveCfg = Debug|iPhone
		{F0D4B164-90BA-4FA0-9682-DB97E1FCAF86}.Debug|x86.ActiveCfg = Debug|iPhone
		{F0D4B164-90BA-4FA0-9682-DB97E1FCAF86}.Release|Any CPU.ActiveCfg = Release|iPhone
		{F0D4B164-90BA-4FA0-9682-DB97E1FCAF86}.Release|ARM.ActiveCfg = Release|iPhone
		{F0D4B164-90BA-4FA0-9682-DB97E1FCAF86}.Release|iPhone.ActiveCfg = Release|iPhone
		{F0D4B164-90BA-4FA0-9682-DB97E1FCAF86}.Release|iPhone.Build.0 = Release|iPhone
		{F0D4B164-90BA-4FA0-9682-DB97E1FCAF86}.Release|iPhoneSimulator.ActiveCfg = Release|iPhoneSimulator
		{F0D4B164-90BA-4FA0-9682-DB97E1FCAF86}.Release|iPhoneSimulator.Build.0 = Release|iPhoneSimulator
		{F0D4B164-90BA-4FA0-9682-DB97E1FCAF86}.Release|x64.ActiveCfg = Release|iPhone
		{F0D4B164-90BA-4FA0-9682-DB97E1FCAF86}.Release|x86.ActiveCfg = Release|iPhone
		{DECE2C61-7374-488D-A705-A1A9339A4538}.Ad-Hoc|Any CPU.ActiveCfg = Release|x86
		{DECE2C61-7374-488D-A705-A1A9339A4538}.Ad-Hoc|Any CPU.Build.0 = Release|x86
		{DECE2C61-7374-488D-A705-A1A9339A4538}.Ad-Hoc|Any CPU.Deploy.0 = Release|x86
		{DECE2C61-7374-488D-A705-A1A9339A4538}.Ad-Hoc|ARM.ActiveCfg = Release|ARM
		{DECE2C61-7374-488D-A705-A1A9339A4538}.Ad-Hoc|ARM.Build.0 = Release|ARM
		{DECE2C61-7374-488D-A705-A1A9339A4538}.Ad-Hoc|ARM.Deploy.0 = Release|ARM
		{DECE2C61-7374-488D-A705-A1A9339A4538}.Ad-Hoc|iPhone.ActiveCfg = Release|x86
		{DECE2C61-7374-488D-A705-A1A9339A4538}.Ad-Hoc|iPhone.Build.0 = Release|x86
		{DECE2C61-7374-488D-A705-A1A9339A4538}.Ad-Hoc|iPhone.Deploy.0 = Release|x86
		{DECE2C61-7374-488D-A705-A1A9339A4538}.Ad-Hoc|iPhoneSimulator.ActiveCfg = Release|x86
		{DECE2C61-7374-488D-A705-A1A9339A4538}.Ad-Hoc|iPhoneSimulator.Build.0 = Release|x86
		{DECE2C61-7374-488D-A705-A1A9339A4538}.Ad-Hoc|iPhoneSimulator.Deploy.0 = Release|x86
		{DECE2C61-7374-488D-A705-A1A9339A4538}.Ad-Hoc|x64.ActiveCfg = Release|x64
		{DECE2C61-7374-488D-A705-A1A9339A4538}.Ad-Hoc|x64.Build.0 = Release|x64
		{DECE2C61-7374-488D-A705-A1A9339A4538}.Ad-Hoc|x64.Deploy.0 = Release|x64
		{DECE2C61-7374-488D-A705-A1A9339A4538}.Ad-Hoc|x86.ActiveCfg = Release|x86
		{DECE2C61-7374-488D-A705-A1A9339A4538}.Ad-Hoc|x86.Build.0 = Release|x86
		{DECE2C61-7374-488D-A705-A1A9339A4538}.Ad-Hoc|x86.Deploy.0 = Release|x86
		{DECE2C61-7374-488D-A705-A1A9339A4538}.AppStore|Any CPU.ActiveCfg = Release|x86
		{DECE2C61-7374-488D-A705-A1A9339A4538}.AppStore|Any CPU.Build.0 = Release|x86
		{DECE2C61-7374-488D-A705-A1A9339A4538}.AppStore|Any CPU.Deploy.0 = Release|x86
		{DECE2C61-7374-488D-A705-A1A9339A4538}.AppStore|ARM.ActiveCfg = Release|ARM
		{DECE2C61-7374-488D-A705-A1A9339A4538}.AppStore|ARM.Build.0 = Release|ARM
		{DECE2C61-7374-488D-A705-A1A9339A4538}.AppStore|ARM.Deploy.0 = Release|ARM
		{DECE2C61-7374-488D-A705-A1A9339A4538}.AppStore|iPhone.ActiveCfg = Release|x86
		{DECE2C61-7374-488D-A705-A1A9339A4538}.AppStore|iPhone.Build.0 = Release|x86
		{DECE2C61-7374-488D-A705-A1A9339A4538}.AppStore|iPhone.Deploy.0 = Release|x86
		{DECE2C61-7374-488D-A705-A1A9339A4538}.AppStore|iPhoneSimulator.ActiveCfg = Release|x86
		{DECE2C61-7374-488D-A705-A1A9339A4538}.AppStore|iPhoneSimulator.Build.0 = Release|x86
		{DECE2C61-7374-488D-A705-A1A9339A4538}.AppStore|iPhoneSimulator.Deploy.0 = Release|x86
		{DECE2C61-7374-488D-A705-A1A9339A4538}.AppStore|x64.ActiveCfg = Release|x64
		{DECE2C61-7374-488D-A705-A1A9339A4538}.AppStore|x64.Build.0 = Release|x64
		{DECE2C61-7374-488D-A705-A1A9339A4538}.AppStore|x64.Deploy.0 = Release|x64
		{DECE2C61-7374-488D-A705-A1A9339A4538}.AppStore|x86.ActiveCfg = Release|x86
		{DECE2C61-7374-488D-A705-A1A9339A4538}.AppStore|x86.Build.0 = Release|x86
		{DECE2C61-7374-488D-A705-A1A9339A4538}.AppStore|x86.Deploy.0 = Release|x86
		{DECE2C61-7374-488D-A705-A1A9339A4538}.Debug|Any CPU.ActiveCfg = Debug|x86
		{DECE2C61-7374-488D-A705-A1A9339A4538}.Debug|ARM.ActiveCfg = Debug|ARM
		{DECE2C61-7374-488D-A705-A1A9339A4538}.Debug|ARM.Build.0 = Debug|ARM
		{DECE2C61-7374-488D-A705-A1A9339A4538}.Debug|ARM.Deploy.0 = Debug|ARM
		{DECE2C61-7374-488D-A705-A1A9339A4538}.Debug|iPhone.ActiveCfg = Debug|x86
		{DECE2C61-7374-488D-A705-A1A9339A4538}.Debug|iPhoneSimulator.ActiveCfg = Debug|x86
		{DECE2C61-7374-488D-A705-A1A9339A4538}.Debug|x64.ActiveCfg = Debug|x64
		{DECE2C61-7374-488D-A705-A1A9339A4538}.Debug|x64.Build.0 = Debug|x64
		{DECE2C61-7374-488D-A705-A1A9339A4538}.Debug|x64.Deploy.0 = Debug|x64
		{DECE2C61-7374-488D-A705-A1A9339A4538}.Debug|x86.ActiveCfg = Debug|x86
		{DECE2C61-7374-488D-A705-A1A9339A4538}.Debug|x86.Build.0 = Debug|x86
		{DECE2C61-7374-488D-A705-A1A9339A4538}.Debug|x86.Deploy.0 = Debug|x86
		{DECE2C61-7374-488D-A705-A1A9339A4538}.Release|Any CPU.ActiveCfg = Release|x86
		{DECE2C61-7374-488D-A705-A1A9339A4538}.Release|ARM.ActiveCfg = Release|ARM
		{DECE2C61-7374-488D-A705-A1A9339A4538}.Release|ARM.Build.0 = Release|ARM
		{DECE2C61-7374-488D-A705-A1A9339A4538}.Release|ARM.Deploy.0 = Release|ARM
		{DECE2C61-7374-488D-A705-A1A9339A4538}.Release|iPhone.ActiveCfg = Release|x86
		{DECE2C61-7374-488D-A705-A1A9339A4538}.Release|iPhoneSimulator.ActiveCfg = Release|x86
		{DECE2C61-7374-488D-A705-A1A9339A4538}.Release|x64.ActiveCfg = Release|x64
		{DECE2C61-7374-488D-A705-A1A9339A4538}.Release|x64.Build.0 = Release|x64
		{DECE2C61-7374-488D-A705-A1A9339A4538}.Release|x64.Deploy.0 = Release|x64
		{DECE2C61-7374-488D-A705-A1A9339A4538}.Release|x86.ActiveCfg = Release|x86
		{DECE2C61-7374-488D-A705-A1A9339A4538}.Release|x86.Build.0 = Release|x86
		{DECE2C61-7374-488D-A705-A1A9339A4538}.Release|x86.Deploy.0 = Release|x86
		{08994332-D0E5-43CC-8EEE-2F258355C172}.Ad-Hoc|Any CPU.ActiveCfg = Debug|Any CPU
		{08994332-D0E5-43CC-8EEE-2F258355C172}.Ad-Hoc|Any CPU.Build.0 = Debug|Any CPU
		{08994332-D0E5-43CC-8EEE-2F258355C172}.Ad-Hoc|ARM.ActiveCfg = Debug|Any CPU
		{08994332-D0E5-43CC-8EEE-2F258355C172}.Ad-Hoc|ARM.Build.0 = Debug|Any CPU
		{08994332-D0E5-43CC-8EEE-2F258355C172}.Ad-Hoc|iPhone.ActiveCfg = Debug|Any CPU
		{08994332-D0E5-43CC-8EEE-2F258355C172}.Ad-Hoc|iPhone.Build.0 = Debug|Any CPU
		{08994332-D0E5-43CC-8EEE-2F258355C172}.Ad-Hoc|iPhoneSimulator.ActiveCfg = Debug|Any CPU
		{08994332-D0E5-43CC-8EEE-2F258355C172}.Ad-Hoc|iPhoneSimulator.Build.0 = Debug|Any CPU
		{08994332-D0E5-43CC-8EEE-2F258355C172}.Ad-Hoc|x64.ActiveCfg = Debug|Any CPU
		{08994332-D0E5-43CC-8EEE-2F258355C172}.Ad-Hoc|x64.Build.0 = Debug|Any CPU
		{08994332-D0E5-43CC-8EEE-2F258355C172}.Ad-Hoc|x86.ActiveCfg = Debug|Any CPU
		{08994332-D0E5-43CC-8EEE-2F258355C172}.Ad-Hoc|x86.Build.0 = Debug|Any CPU
		{08994332-D0E5-43CC-8EEE-2F258355C172}.AppStore|Any CPU.ActiveCfg = Debug|Any CPU
		{08994332-D0E5-43CC-8EEE-2F258355C172}.AppStore|Any CPU.Build.0 = Debug|Any CPU
		{08994332-D0E5-43CC-8EEE-2F258355C172}.AppStore|ARM.ActiveCfg = Debug|Any CPU
		{08994332-D0E5-43CC-8EEE-2F258355C172}.AppStore|ARM.Build.0 = Debug|Any CPU
		{08994332-D0E5-43CC-8EEE-2F258355C172}.AppStore|iPhone.ActiveCfg = Debug|Any CPU
		{08994332-D0E5-43CC-8EEE-2F258355C172}.AppStore|iPhone.Build.0 = Debug|Any CPU
		{08994332-D0E5-43CC-8EEE-2F258355C172}.AppStore|iPhoneSimulator.ActiveCfg = Debug|Any CPU
		{08994332-D0E5-43CC-8EEE-2F258355C172}.AppStore|iPhoneSimulator.Build.0 = Debug|Any CPU
		{08994332-D0E5-43CC-8EEE-2F258355C172}.AppStore|x64.ActiveCfg = Debug|Any CPU
		{08994332-D0E5-43CC-8EEE-2F258355C172}.AppStore|x64.Build.0 = Debug|Any CPU
		{08994332-D0E5-43CC-8EEE-2F258355C172}.AppStore|x86.ActiveCfg = Debug|Any CPU
		{08994332-D0E5-43CC-8EEE-2F258355C172}.AppStore|x86.Build.0 = Debug|Any CPU
		{08994332-D0E5-43CC-8EEE-2F258355C172}.Debug|Any CPU.ActiveCfg = Debug|Any CPU
		{08994332-D0E5-43CC-8EEE-2F258355C172}.Debug|Any CPU.Build.0 = Debug|Any CPU
		{08994332-D0E5-43CC-8EEE-2F258355C172}.Debug|ARM.ActiveCfg = Debug|Any CPU
		{08994332-D0E5-43CC-8EEE-2F258355C172}.Debug|ARM.Build.0 = Debug|Any CPU
		{08994332-D0E5-43CC-8EEE-2F258355C172}.Debug|iPhone.ActiveCfg = Debug|Any CPU
		{08994332-D0E5-43CC-8EEE-2F258355C172}.Debug|iPhone.Build.0 = Debug|Any CPU
		{08994332-D0E5-43CC-8EEE-2F258355C172}.Debug|iPhoneSimulator.ActiveCfg = Debug|Any CPU
		{08994332-D0E5-43CC-8EEE-2F258355C172}.Debug|iPhoneSimulator.Build.0 = Debug|Any CPU
		{08994332-D0E5-43CC-8EEE-2F258355C172}.Debug|x64.ActiveCfg = Debug|Any CPU
		{08994332-D0E5-43CC-8EEE-2F258355C172}.Debug|x64.Build.0 = Debug|Any CPU
		{08994332-D0E5-43CC-8EEE-2F258355C172}.Debug|x86.ActiveCfg = Debug|Any CPU
		{08994332-D0E5-43CC-8EEE-2F258355C172}.Debug|x86.Build.0 = Debug|Any CPU
		{08994332-D0E5-43CC-8EEE-2F258355C172}.Release|Any CPU.ActiveCfg = Release|Any CPU
		{08994332-D0E5-43CC-8EEE-2F258355C172}.Release|Any CPU.Build.0 = Release|Any CPU
		{08994332-D0E5-43CC-8EEE-2F258355C172}.Release|ARM.ActiveCfg = Release|Any CPU
		{08994332-D0E5-43CC-8EEE-2F258355C172}.Release|ARM.Build.0 = Release|Any CPU
		{08994332-D0E5-43CC-8EEE-2F258355C172}.Release|iPhone.ActiveCfg = Release|Any CPU
		{08994332-D0E5-43CC-8EEE-2F258355C172}.Release|iPhone.Build.0 = Release|Any CPU
		{08994332-D0E5-43CC-8EEE-2F258355C172}.Release|iPhoneSimulator.ActiveCfg = Release|Any CPU
		{08994332-D0E5-43CC-8EEE-2F258355C172}.Release|iPhoneSimulator.Build.0 = Release|Any CPU
		{08994332-D0E5-43CC-8EEE-2F258355C172}.Release|x64.ActiveCfg = Release|Any CPU
		{08994332-D0E5-43CC-8EEE-2F258355C172}.Release|x64.Build.0 = Release|Any CPU
		{08994332-D0E5-43CC-8EEE-2F258355C172}.Release|x86.ActiveCfg = Release|Any CPU
		{08994332-D0E5-43CC-8EEE-2F258355C172}.Release|x86.Build.0 = Release|Any CPU
	EndGlobalSection
	GlobalSection(SolutionProperties) = preSolution
		HideSolutionNode = FALSE
	EndGlobalSection
	GlobalSection(ExtensibilityGlobals) = postSolution
		SolutionGuid = {316C6C64-C4F8-4825-A4C9-F77A5CEEDF2C}
	EndGlobalSection
EndGlobal
